// !$*UTF8*$!
{
	archiveVersion = 1;
	classes = {
	};
	objectVersion = 46;
	objects = {

/* Begin PBXBuildFile section */
		57952A1115A3302A00D1682C /* UIKit.framework in Frameworks */ = {isa = PBXBuildFile; fileRef = 57952A1015A3302A00D1682C /* UIKit.framework */; };
		57952A1315A3302A00D1682C /* Foundation.framework in Frameworks */ = {isa = PBXBuildFile; fileRef = 57952A1215A3302A00D1682C /* Foundation.framework */; };
		57952A1515A3302A00D1682C /* CoreGraphics.framework in Frameworks */ = {isa = PBXBuildFile; fileRef = 57952A1415A3302A00D1682C /* CoreGraphics.framework */; };
		57952A1B15A3302A00D1682C /* InfoPlist.strings in Resources */ = {isa = PBXBuildFile; fileRef = 57952A1915A3302A00D1682C /* InfoPlist.strings */; };
		57952A1D15A3302A00D1682C /* main.m in Sources */ = {isa = PBXBuildFile; fileRef = 57952A1C15A3302A00D1682C /* main.m */; };
		57952A2115A3302A00D1682C /* AppDelegate.m in Sources */ = {isa = PBXBuildFile; fileRef = 57952A2015A3302A00D1682C /* AppDelegate.m */; };
		57952A2415A3302A00D1682C /* MainStoryboard.storyboard in Resources */ = {isa = PBXBuildFile; fileRef = 57952A2215A3302A00D1682C /* MainStoryboard.storyboard */; };
		57952A2715A3302A00D1682C /* FirstViewController.m in Sources */ = {isa = PBXBuildFile; fileRef = 57952A2615A3302A00D1682C /* FirstViewController.m */; };
		57952A2915A3302A00D1682C /* first.png in Resources */ = {isa = PBXBuildFile; fileRef = 57952A2815A3302A00D1682C /* first.png */; };
		57952A2B15A3302A00D1682C /* first@2x.png in Resources */ = {isa = PBXBuildFile; fileRef = 57952A2A15A3302A00D1682C /* first@2x.png */; };
		57952A2E15A3302A00D1682C /* SecondViewController.m in Sources */ = {isa = PBXBuildFile; fileRef = 57952A2D15A3302A00D1682C /* SecondViewController.m */; };
		57952A3015A3302A00D1682C /* second.png in Resources */ = {isa = PBXBuildFile; fileRef = 57952A2F15A3302A00D1682C /* second.png */; };
		57952A3215A3302A00D1682C /* second@2x.png in Resources */ = {isa = PBXBuildFile; fileRef = 57952A3115A3302A00D1682C /* second@2x.png */; };
/* End PBXBuildFile section */

/* Begin PBXFileReference section */
		57952A0C15A3302A00D1682C /* FishTally.app */ = {isa = PBXFileReference; explicitFileType = wrapper.application; includeInIndex = 0; path = FishTally.app; sourceTree = BUILT_PRODUCTS_DIR; };
		57952A1015A3302A00D1682C /* UIKit.framework */ = {isa = PBXFileReference; lastKnownFileType = wrapper.framework; name = UIKit.framework; path = System/Library/Frameworks/UIKit.framework; sourceTree = SDKROOT; };
		57952A1215A3302A00D1682C /* Foundation.framework */ = {isa = PBXFileReference; lastKnownFileType = wrapper.framework; name = Foundation.framework; path = System/Library/Frameworks/Foundation.framework; sourceTree = SDKROOT; };
		57952A1415A3302A00D1682C /* CoreGraphics.framework */ = {isa = PBXFileReference; lastKnownFileType = wrapper.framework; name = CoreGraphics.framework; path = System/Library/Frameworks/CoreGraphics.framework; sourceTree = SDKROOT; };
		57952A1815A3302A00D1682C /* FishTally-Info.plist */ = {isa = PBXFileReference; path = "FishTally-Info.plist"; sourceTree = "<group>"; };
		57952A1A15A3302A00D1682C /* en */ = {isa = PBXFileReference; lastKnownFileType = text.plist.strings; name = en; path = en.lproj/InfoPlist.strings; sourceTree = "<group>"; };
		57952A1C15A3302A00D1682C /* main.m */ = {isa = PBXFileReference; lastKnownFileType = sourcecode.c.objc; path = main.m; sourceTree = "<group>"; };
		57952A1E15A3302A00D1682C /* FishTally-Prefix.pch */ = {isa = PBXFileReference; path = "FishTally-Prefix.pch"; sourceTree = "<group>"; };
		57952A1F15A3302A00D1682C /* AppDelegate.h */ = {isa = PBXFileReference; path = AppDelegate.h; sourceTree = "<group>"; };
		57952A2015A3302A00D1682C /* AppDelegate.m */ = {isa = PBXFileReference; lastKnownFileType = sourcecode.c.objc; path = AppDelegate.m; sourceTree = "<group>"; };
		57952A2315A3302A00D1682C /* en */ = {isa = PBXFileReference; lastKnownFileType = file.storyboard; name = en; path = en.lproj/MainStoryboard.storyboard; sourceTree = "<group>"; };
		57952A2515A3302A00D1682C /* FirstViewController.h */ = {isa = PBXFileReference; path = FirstViewController.h; sourceTree = "<group>"; };
		57952A2615A3302A00D1682C /* FirstViewController.m */ = {isa = PBXFileReference; lastKnownFileType = sourcecode.c.objc; path = FirstViewController.m; sourceTree = "<group>"; };
		57952A2815A3302A00D1682C /* first.png */ = {isa = PBXFileReference; lastKnownFileType = image.png; path = first.png; sourceTree = "<group>"; };
		57952A2A15A3302A00D1682C /* first@2x.png */ = {isa = PBXFileReference; lastKnownFileType = image.png; path = "first@2x.png"; sourceTree = "<group>"; };
		57952A2C15A3302A00D1682C /* SecondViewController.h */ = {isa = PBXFileReference; path = SecondViewController.h; sourceTree = "<group>"; };
		57952A2D15A3302A00D1682C /* SecondViewController.m */ = {isa = PBXFileReference; lastKnownFileType = sourcecode.c.objc; path = SecondViewController.m; sourceTree = "<group>"; };
		57952A2F15A3302A00D1682C /* second.png */ = {isa = PBXFileReference; lastKnownFileType = image.png; path = second.png; sourceTree = "<group>"; };
		57952A3115A3302A00D1682C /* second@2x.png */ = {isa = PBXFileReference; lastKnownFileType = image.png; path = "second@2x.png"; sourceTree = "<group>"; };
/* End PBXFileReference section */

/* Begin PBXFrameworksBuildPhase section */
		57952A0915A3302A00D1682C /* Frameworks */ = {
			isa = PBXFrameworksBuildPhase;
			buildActionMask = 2147483647;
			files = (
				57952A1115A3302A00D1682C /* UIKit.framework in Frameworks */,
				57952A1315A3302A00D1682C /* Foundation.framework in Frameworks */,
				57952A1515A3302A00D1682C /* CoreGraphics.framework in Frameworks */,
			);
			runOnlyForDeploymentPostprocessing = 0;
		};
/* End PBXFrameworksBuildPhase section */

/* Begin PBXGroup section */
		57952A0115A3302A00D1682C = {
			isa = PBXGroup;
			children = (
				57952A1615A3302A00D1682C /* FishTally */,
				57952A0F15A3302A00D1682C /* Frameworks */,
				57952A0D15A3302A00D1682C /* Products */,
			);
			sourceTree = "<group>";
		};
		57952A0D15A3302A00D1682C /* Products */ = {
			isa = PBXGroup;
			children = (
				57952A0C15A3302A00D1682C /* FishTally.app */,
			);
			name = Products;
			sourceTree = "<group>";
		};
		57952A0F15A3302A00D1682C /* Frameworks */ = {
			isa = PBXGroup;
			children = (
				57952A1015A3302A00D1682C /* UIKit.framework */,
				57952A1215A3302A00D1682C /* Foundation.framework */,
				57952A1415A3302A00D1682C /* CoreGraphics.framework */,
			);
			name = Frameworks;
			sourceTree = "<group>";
		};
		57952A1615A3302A00D1682C /* FishTally */ = {
			isa = PBXGroup;
			children = (
				57952A1F15A3302A00D1682C /* AppDelegate.h */,
				57952A2015A3302A00D1682C /* AppDelegate.m */,
				57952A2215A3302A00D1682C /* MainStoryboard.storyboard */,
				57952A2515A3302A00D1682C /* FirstViewController.h */,
				57952A2615A3302A00D1682C /* FirstViewController.m */,
				57952A2815A3302A00D1682C /* first.png */,
				57952A2A15A3302A00D1682C /* first@2x.png */,
				57952A2C15A3302A00D1682C /* SecondViewController.h */,
				57952A2D15A3302A00D1682C /* SecondViewController.m */,
				57952A2F15A3302A00D1682C /* second.png */,
				57952A3115A3302A00D1682C /* second@2x.png */,
				57952A1715A3302A00D1682C /* Supporting Files */,
			);
			path = FishTally;
			sourceTree = "<group>";
		};
		57952A1715A3302A00D1682C /* Supporting Files */ = {
			isa = PBXGroup;
			children = (
				57952A1815A3302A00D1682C /* FishTally-Info.plist */,
				57952A1915A3302A00D1682C /* InfoPlist.strings */,
				57952A1C15A3302A00D1682C /* main.m */,
				57952A1E15A3302A00D1682C /* FishTally-Prefix.pch */,
			);
			name = "Supporting Files";
			sourceTree = "<group>";
		};
/* End PBXGroup section */

/* Begin PBXNativeTarget section */
		57952A0B15A3302A00D1682C /* FishTally */ = {
			isa = PBXNativeTarget;
			buildConfigurationList = 57952A3515A3302A00D1682C /* Build configuration list for PBXNativeTarget "FishTally" */;
			buildPhases = (
				57952A0815A3302A00D1682C /* Sources */,
				57952A0915A3302A00D1682C /* Frameworks */,
				57952A0A15A3302A00D1682C /* Resources */,
			);
			buildRules = (
			);
			dependencies = (
			);
			name = FishTally;
			productName = FishTally;
			productReference = 57952A0C15A3302A00D1682C /* FishTally.app */;
			productType = "com.apple.product-type.application";
		};
/* End PBXNativeTarget section */

/* Begin PBXProject section */
		57952A0315A3302A00D1682C /* Project object */ = {
			isa = PBXProject;
			attributes = {
				LastUpgradeCheck = 0420;
			};
			buildConfigurationList = 57952A0615A3302A00D1682C /* Build configuration list for PBXProject "FishTally" */;
			compatibilityVersion = "Xcode 3.2";
			developmentRegion = English;
			hasScannedForEncodings = 0;
			knownRegions = (
				en,
			);
			mainGroup = 57952A0115A3302A00D1682C;
			productRefGroup = 57952A0D15A3302A00D1682C /* Products */;
			projectDirPath = "";
			projectRoot = "";
			targets = (
				57952A0B15A3302A00D1682C /* FishTally */,
			);
		};
/* End PBXProject section */

/* Begin PBXResourcesBuildPhase section */
		57952A0A15A3302A00D1682C /* Resources */ = {
			isa = PBXResourcesBuildPhase;
			buildActionMask = 2147483647;
			files = (
				57952A1B15A3302A00D1682C /* InfoPlist.strings in Resources */,
				57952A2415A3302A00D1682C /* MainStoryboard.storyboard in Resources */,
				57952A2915A3302A00D1682C /* first.png in Resources */,
				57952A2B15A3302A00D1682C /* first@2x.png in Resources */,
				57952A3015A3302A00D1682C /* second.png in Resources */,
				57952A3215A3302A00D1682C /* second@2x.png in Resources */,
			);
			runOnlyForDeploymentPostprocessing = 0;
		};
/* End PBXResourcesBuildPhase section */

/* Begin PBXSourcesBuildPhase section */
		57952A0815A3302A00D1682C /* Sources */ = {
			isa = PBXSourcesBuildPhase;
			buildActionMask = 2147483647;
			files = (
				57952A1D15A3302A00D1682C /* main.m in Sources */,
				57952A2115A3302A00D1682C /* AppDelegate.m in Sources */,
				57952A2715A3302A00D1682C /* FirstViewController.m in Sources */,
				57952A2E15A3302A00D1682C /* SecondViewController.m in Sources */,
			);
			runOnlyForDeploymentPostprocessing = 0;
		};
/* End PBXSourcesBuildPhase section */

/* Begin PBXVariantGroup section */
		57952A1915A3302A00D1682C /* InfoPlist.strings */ = {
			isa = PBXVariantGroup;
			children = (
				57952A1A15A3302A00D1682C /* en */,
			);
			name = InfoPlist.strings;
			sourceTree = "<group>";
		};
		57952A2215A3302A00D1682C /* MainStoryboard.storyboard */ = {
			isa = PBXVariantGroup;
			children = (
				57952A2315A3302A00D1682C /* en */,
			);
			name = MainStoryboard.storyboard;
			sourceTree = "<group>";
		};
/* End PBXVariantGroup section */

/* Begin XCBuildConfiguration section */
		57952A3315A3302A00D1682C /* Debug */ = {
			isa = XCBuildConfiguration;
			buildSettings = {
				ALWAYS_SEARCH_USER_PATHS = NO;
				ARCHS = "$(ARCHS_STANDARD_32_BIT)";
				CLANG_ENABLE_OBJC_ARC = YES;
				"CODE_SIGN_IDENTITY[sdk=iphoneos*]" = "iPhone Developer";
				COPY_PHASE_STRIP = NO;
				GCC_C_LANGUAGE_STANDARD = gnu99;
				GCC_DYNAMIC_NO_PIC = NO;
				GCC_OPTIMIZATION_LEVEL = 0;
				GCC_PREPROCESSOR_DEFINITIONS = (
					"DEBUG=1",
					"$(inherited)",
				);
				GCC_SYMBOLS_PRIVATE_EXTERN = NO;
				GCC_VERSION = com.apple.compilers.llvm.clang.1_0;
				GCC_WARN_ABOUT_MISSING_PROTOTYPES = YES;
				GCC_WARN_ABOUT_RETURN_TYPE = YES;
				GCC_WARN_UNUSED_VARIABLE = YES;
				IPHONEOS_DEPLOYMENT_TARGET = 5.0;
				SDKROOT = iphoneos;
			};
			name = Debug;
		};
		57952A3415A3302A00D1682C /* Release */ = {
			isa = XCBuildConfiguration;
			buildSettings = {
				ALWAYS_SEARCH_USER_PATHS = NO;
				ARCHS = "$(ARCHS_STANDARD_32_BIT)";
				CLANG_ENABLE_OBJC_ARC = YES;
				"CODE_SIGN_IDENTITY[sdk=iphoneos*]" = "iPhone Developer";
				COPY_PHASE_STRIP = YES;
				GCC_C_LANGUAGE_STANDARD = gnu99;
				GCC_VERSION = com.apple.compilers.llvm.clang.1_0;
				GCC_WARN_ABOUT_MISSING_PROTOTYPES = YES;
				GCC_WARN_ABOUT_RETURN_TYPE = YES;
				GCC_WARN_UNUSED_VARIABLE = YES;
				IPHONEOS_DEPLOYMENT_TARGET = 5.0;
				OTHER_CFLAGS = "-DNS_BLOCK_ASSERTIONS=1";
				SDKROOT = iphoneos;
				VALIDATE_PRODUCT = YES;
			};
			name = Release;
		};
		57952A3615A3302A00D1682C /* Debug */ = {
			isa = XCBuildConfiguration;
			buildSettings = {
				GCC_PRECOMPILE_PREFIX_HEADER = YES;
				GCC_PREFIX_HEADER = "FishTally/FishTally-Prefix.pch";
				INFOPLIST_FILE = "FishTally/FishTally-Info.plist";
				PRODUCT_NAME = "$(TARGET_NAME)";
				WRAPPER_EXTENSION = app;
			};
			name = Debug;
		};
		57952A3715A3302A00D1682C /* Release */ = {
			isa = XCBuildConfiguration;
			buildSettings = {
				GCC_PRECOMPILE_PREFIX_HEADER = YES;
				GCC_PREFIX_HEADER = "FishTally/FishTally-Prefix.pch";
				INFOPLIST_FILE = "FishTally/FishTally-Info.plist";
				PRODUCT_NAME = "$(TARGET_NAME)";
				WRAPPER_EXTENSION = app;
			};
			name = Release;
		};
/* End XCBuildConfiguration section */

/* Begin XCConfigurationList section */
		57952A0615A3302A00D1682C /* Build configuration list for PBXProject "FishTally" */ = {
			isa = XCConfigurationList;
			buildConfigurations = (
				57952A3315A3302A00D1682C /* Debug */,
				57952A3415A3302A00D1682C /* Release */,
			);
			defaultConfigurationIsVisible = 0;
			defaultConfigurationName = Release;
		};
		57952A3515A3302A00D1682C /* Build configuration list for PBXNativeTarget "FishTally" */ = {
			isa = XCConfigurationList;
			buildConfigurations = (
				57952A3615A3302A00D1682C /* Debug */,
				57952A3715A3302A00D1682C /* Release */,
			);
			defaultConfigurationIsVisible = 0;
		};
/* End XCConfigurationList section */
	};
	rootObject = 57952A0315A3302A00D1682C /* Project object */;
}
