// !$*UTF8*$!
{
	archiveVersion = 1;
	classes = {
	};
	objectVersion = 46;
	objects = {

/* Begin PBXBuildFile section */
		5723CFDF15A5DB1700A5AA13 /* PlayerDetailViewController.m in Sources */ = {isa = PBXBuildFile; fileRef = 5723CFDE15A5DB1700A5AA13 /* PlayerDetailViewController.m */; };
		5723CFEB15A62CFF00A5AA13 /* UIImage+Resize.m in Sources */ = {isa = PBXBuildFile; fileRef = 5723CFEA15A62CFF00A5AA13 /* UIImage+Resize.m */; };
		5723CFEE15A63B1700A5AA13 /* SettingsViewController.m in Sources */ = {isa = PBXBuildFile; fileRef = 5723CFED15A63B1700A5AA13 /* SettingsViewController.m */; };
		5723CFF515A6438A00A5AA13 /* LuresViewController.m in Sources */ = {isa = PBXBuildFile; fileRef = 5723CFF415A6438A00A5AA13 /* LuresViewController.m */; };
		5723D00215A651C000A5AA13 /* Lure.m in Sources */ = {isa = PBXBuildFile; fileRef = 5723D00115A651C000A5AA13 /* Lure.m */; };
		5723D00515A651E500A5AA13 /* Catch.m in Sources */ = {isa = PBXBuildFile; fileRef = 5723D00415A651E400A5AA13 /* Catch.m */; };
		5723D00815A6526500A5AA13 /* Fish.m in Sources */ = {isa = PBXBuildFile; fileRef = 5723D00715A6526500A5AA13 /* Fish.m */; };
		5723D00B15A653DA00A5AA13 /* Player.m in Sources */ = {isa = PBXBuildFile; fileRef = 5723D00A15A653DA00A5AA13 /* Player.m */; };
		576E92C115A373F600C93BAB /* GameDetailViewController.m in Sources */ = {isa = PBXBuildFile; fileRef = 576E92C015A373F600C93BAB /* GameDetailViewController.m */; };
		576E92C915A3AA0100C93BAB /* PlayersViewController.m in Sources */ = {isa = PBXBuildFile; fileRef = 576E92C815A3AA0100C93BAB /* PlayersViewController.m */; };
		5775E26915A75E0A00E302CE /* LureDetailViewController.m in Sources */ = {isa = PBXBuildFile; fileRef = 5775E26815A75E0A00E302CE /* LureDetailViewController.m */; };
		5775E27115A7795300E302CE /* FishViewController.m in Sources */ = {isa = PBXBuildFile; fileRef = 5775E27015A7795200E302CE /* FishViewController.m */; };
		5775E27415A7796600E302CE /* FishDetailViewController.m in Sources */ = {isa = PBXBuildFile; fileRef = 5775E27315A7796600E302CE /* FishDetailViewController.m */; };
		57952A1115A3302A00D1682C /* UIKit.framework in Frameworks */ = {isa = PBXBuildFile; fileRef = 57952A1015A3302A00D1682C /* UIKit.framework */; };
		57952A1315A3302A00D1682C /* Foundation.framework in Frameworks */ = {isa = PBXBuildFile; fileRef = 57952A1215A3302A00D1682C /* Foundation.framework */; };
		57952A1515A3302A00D1682C /* CoreGraphics.framework in Frameworks */ = {isa = PBXBuildFile; fileRef = 57952A1415A3302A00D1682C /* CoreGraphics.framework */; };
		57952A1B15A3302A00D1682C /* InfoPlist.strings in Resources */ = {isa = PBXBuildFile; fileRef = 57952A1915A3302A00D1682C /* InfoPlist.strings */; };
		57952A1D15A3302A00D1682C /* main.m in Sources */ = {isa = PBXBuildFile; fileRef = 57952A1C15A3302A00D1682C /* main.m */; };
		57952A2115A3302A00D1682C /* AppDelegate.m in Sources */ = {isa = PBXBuildFile; fileRef = 57952A2015A3302A00D1682C /* AppDelegate.m */; };
		57952A2415A3302A00D1682C /* MainStoryboard.storyboard in Resources */ = {isa = PBXBuildFile; fileRef = 57952A2215A3302A00D1682C /* MainStoryboard.storyboard */; };
		57952A3915A33B6400D1682C /* CoreData.framework in Frameworks */ = {isa = PBXBuildFile; fileRef = 57952A3815A33B6400D1682C /* CoreData.framework */; };
		57952A3C15A33C0800D1682C /* DataModel.xcdatamodeld in Sources */ = {isa = PBXBuildFile; fileRef = 57952A3A15A33C0800D1682C /* DataModel.xcdatamodeld */; };
		57952A4515A340FF00D1682C /* Game.m in Sources */ = {isa = PBXBuildFile; fileRef = 57952A4415A340FF00D1682C /* Game.m */; };
		57952A4C15A347E900D1682C /* GamesViewController.m in Sources */ = {isa = PBXBuildFile; fileRef = 57952A4B15A347E800D1682C /* GamesViewController.m */; };
		57952A5215A360DA00D1682C /* GameCell.m in Sources */ = {isa = PBXBuildFile; fileRef = 57952A5115A360DA00D1682C /* GameCell.m */; };
		57CE30EE15A4BFA500A6F508 /* PlayerCell.m in Sources */ = {isa = PBXBuildFile; fileRef = 57CE30ED15A4BFA500A6F508 /* PlayerCell.m */; };
/* End PBXBuildFile section */

/* Begin PBXFileReference section */
		5723CFDD15A5DB1700A5AA13 /* PlayerDetailViewController.h */ = {isa = PBXFileReference; fileEncoding = 4; lastKnownFileType = sourcecode.c.h; path = PlayerDetailViewController.h; sourceTree = "<group>"; };
		5723CFDE15A5DB1700A5AA13 /* PlayerDetailViewController.m */ = {isa = PBXFileReference; fileEncoding = 4; lastKnownFileType = sourcecode.c.objc; path = PlayerDetailViewController.m; sourceTree = "<group>"; };
		5723CFE915A62CFF00A5AA13 /* UIImage+Resize.h */ = {isa = PBXFileReference; fileEncoding = 4; lastKnownFileType = sourcecode.c.h; path = "UIImage+Resize.h"; sourceTree = "<group>"; };
		5723CFEA15A62CFF00A5AA13 /* UIImage+Resize.m */ = {isa = PBXFileReference; fileEncoding = 4; lastKnownFileType = sourcecode.c.objc; path = "UIImage+Resize.m"; sourceTree = "<group>"; };
		5723CFEC15A63B1600A5AA13 /* SettingsViewController.h */ = {isa = PBXFileReference; fileEncoding = 4; lastKnownFileType = sourcecode.c.h; path = SettingsViewController.h; sourceTree = "<group>"; };
		5723CFED15A63B1700A5AA13 /* SettingsViewController.m */ = {isa = PBXFileReference; fileEncoding = 4; lastKnownFileType = sourcecode.c.objc; path = SettingsViewController.m; sourceTree = "<group>"; };
		5723CFF315A6438A00A5AA13 /* LuresViewController.h */ = {isa = PBXFileReference; fileEncoding = 4; lastKnownFileType = sourcecode.c.h; path = LuresViewController.h; sourceTree = "<group>"; };
		5723CFF415A6438A00A5AA13 /* LuresViewController.m */ = {isa = PBXFileReference; fileEncoding = 4; lastKnownFileType = sourcecode.c.objc; path = LuresViewController.m; sourceTree = "<group>"; };
		5723D00015A651C000A5AA13 /* Lure.h */ = {isa = PBXFileReference; fileEncoding = 4; lastKnownFileType = sourcecode.c.h; path = Lure.h; sourceTree = "<group>"; };
		5723D00115A651C000A5AA13 /* Lure.m */ = {isa = PBXFileReference; fileEncoding = 4; lastKnownFileType = sourcecode.c.objc; path = Lure.m; sourceTree = "<group>"; };
		5723D00315A651E400A5AA13 /* Catch.h */ = {isa = PBXFileReference; fileEncoding = 4; lastKnownFileType = sourcecode.c.h; path = Catch.h; sourceTree = "<group>"; };
		5723D00415A651E400A5AA13 /* Catch.m */ = {isa = PBXFileReference; fileEncoding = 4; lastKnownFileType = sourcecode.c.objc; path = Catch.m; sourceTree = "<group>"; };
		5723D00615A6526500A5AA13 /* Fish.h */ = {isa = PBXFileReference; fileEncoding = 4; lastKnownFileType = sourcecode.c.h; path = Fish.h; sourceTree = "<group>"; };
		5723D00715A6526500A5AA13 /* Fish.m */ = {isa = PBXFileReference; fileEncoding = 4; lastKnownFileType = sourcecode.c.objc; path = Fish.m; sourceTree = "<group>"; };
		5723D00915A653DA00A5AA13 /* Player.h */ = {isa = PBXFileReference; fileEncoding = 4; lastKnownFileType = sourcecode.c.h; path = Player.h; sourceTree = "<group>"; };
		5723D00A15A653DA00A5AA13 /* Player.m */ = {isa = PBXFileReference; fileEncoding = 4; lastKnownFileType = sourcecode.c.objc; path = Player.m; sourceTree = "<group>"; };
		576E92BF15A373F600C93BAB /* GameDetailViewController.h */ = {isa = PBXFileReference; fileEncoding = 4; lastKnownFileType = sourcecode.c.h; path = GameDetailViewController.h; sourceTree = "<group>"; };
		576E92C015A373F600C93BAB /* GameDetailViewController.m */ = {isa = PBXFileReference; fileEncoding = 4; lastKnownFileType = sourcecode.c.objc; path = GameDetailViewController.m; sourceTree = "<group>"; };
		576E92C715A3AA0100C93BAB /* PlayersViewController.h */ = {isa = PBXFileReference; fileEncoding = 4; lastKnownFileType = sourcecode.c.h; path = PlayersViewController.h; sourceTree = "<group>"; };
		576E92C815A3AA0100C93BAB /* PlayersViewController.m */ = {isa = PBXFileReference; fileEncoding = 4; lastKnownFileType = sourcecode.c.objc; path = PlayersViewController.m; sourceTree = "<group>"; };
		5775E26715A75E0A00E302CE /* LureDetailViewController.h */ = {isa = PBXFileReference; fileEncoding = 4; lastKnownFileType = sourcecode.c.h; path = LureDetailViewController.h; sourceTree = "<group>"; };
		5775E26815A75E0A00E302CE /* LureDetailViewController.m */ = {isa = PBXFileReference; fileEncoding = 4; lastKnownFileType = sourcecode.c.objc; path = LureDetailViewController.m; sourceTree = "<group>"; };
		5775E26F15A7795200E302CE /* FishViewController.h */ = {isa = PBXFileReference; fileEncoding = 4; lastKnownFileType = sourcecode.c.h; path = FishViewController.h; sourceTree = "<group>"; };
		5775E27015A7795200E302CE /* FishViewController.m */ = {isa = PBXFileReference; fileEncoding = 4; lastKnownFileType = sourcecode.c.objc; path = FishViewController.m; sourceTree = "<group>"; };
		5775E27215A7796600E302CE /* FishDetailViewController.h */ = {isa = PBXFileReference; fileEncoding = 4; lastKnownFileType = sourcecode.c.h; path = FishDetailViewController.h; sourceTree = "<group>"; };
		5775E27315A7796600E302CE /* FishDetailViewController.m */ = {isa = PBXFileReference; fileEncoding = 4; lastKnownFileType = sourcecode.c.objc; path = FishDetailViewController.m; sourceTree = "<group>"; };
		57952A0C15A3302A00D1682C /* FishTally.app */ = {isa = PBXFileReference; explicitFileType = wrapper.application; includeInIndex = 0; path = FishTally.app; sourceTree = BUILT_PRODUCTS_DIR; };
		57952A1015A3302A00D1682C /* UIKit.framework */ = {isa = PBXFileReference; lastKnownFileType = wrapper.framework; name = UIKit.framework; path = System/Library/Frameworks/UIKit.framework; sourceTree = SDKROOT; };
		57952A1215A3302A00D1682C /* Foundation.framework */ = {isa = PBXFileReference; lastKnownFileType = wrapper.framework; name = Foundation.framework; path = System/Library/Frameworks/Foundation.framework; sourceTree = SDKROOT; };
		57952A1415A3302A00D1682C /* CoreGraphics.framework */ = {isa = PBXFileReference; lastKnownFileType = wrapper.framework; name = CoreGraphics.framework; path = System/Library/Frameworks/CoreGraphics.framework; sourceTree = SDKROOT; };
		57952A1815A3302A00D1682C /* FishTally-Info.plist */ = {isa = PBXFileReference; lastKnownFileType = text.plist.xml; path = "FishTally-Info.plist"; sourceTree = "<group>"; };
		57952A1A15A3302A00D1682C /* en */ = {isa = PBXFileReference; lastKnownFileType = text.plist.strings; name = en; path = en.lproj/InfoPlist.strings; sourceTree = "<group>"; };
		57952A1C15A3302A00D1682C /* main.m */ = {isa = PBXFileReference; lastKnownFileType = sourcecode.c.objc; path = main.m; sourceTree = "<group>"; };
		57952A1E15A3302A00D1682C /* FishTally-Prefix.pch */ = {isa = PBXFileReference; lastKnownFileType = sourcecode.c.h; path = "FishTally-Prefix.pch"; sourceTree = "<group>"; };
		57952A1F15A3302A00D1682C /* AppDelegate.h */ = {isa = PBXFileReference; lastKnownFileType = sourcecode.c.h; path = AppDelegate.h; sourceTree = "<group>"; };
		57952A2015A3302A00D1682C /* AppDelegate.m */ = {isa = PBXFileReference; lastKnownFileType = sourcecode.c.objc; path = AppDelegate.m; sourceTree = "<group>"; };
		57952A2315A3302A00D1682C /* en */ = {isa = PBXFileReference; lastKnownFileType = file.storyboard; name = en; path = en.lproj/MainStoryboard.storyboard; sourceTree = "<group>"; };
		57952A3815A33B6400D1682C /* CoreData.framework */ = {isa = PBXFileReference; lastKnownFileType = wrapper.framework; name = CoreData.framework; path = System/Library/Frameworks/CoreData.framework; sourceTree = SDKROOT; };
		57952A3B15A33C0800D1682C /* DataModel.xcdatamodel */ = {isa = PBXFileReference; lastKnownFileType = wrapper.xcdatamodel; path = DataModel.xcdatamodel; sourceTree = "<group>"; };
		57952A4315A340FF00D1682C /* Game.h */ = {isa = PBXFileReference; fileEncoding = 4; lastKnownFileType = sourcecode.c.h; path = Game.h; sourceTree = "<group>"; };
		57952A4415A340FF00D1682C /* Game.m */ = {isa = PBXFileReference; fileEncoding = 4; lastKnownFileType = sourcecode.c.objc; path = Game.m; sourceTree = "<group>"; };
		57952A4A15A347E800D1682C /* GamesViewController.h */ = {isa = PBXFileReference; fileEncoding = 4; lastKnownFileType = sourcecode.c.h; path = GamesViewController.h; sourceTree = "<group>"; };
		57952A4B15A347E800D1682C /* GamesViewController.m */ = {isa = PBXFileReference; fileEncoding = 4; lastKnownFileType = sourcecode.c.objc; path = GamesViewController.m; sourceTree = "<group>"; };
		57952A5015A360DA00D1682C /* GameCell.h */ = {isa = PBXFileReference; fileEncoding = 4; lastKnownFileType = sourcecode.c.h; path = GameCell.h; sourceTree = "<group>"; };
		57952A5115A360DA00D1682C /* GameCell.m */ = {isa = PBXFileReference; fileEncoding = 4; lastKnownFileType = sourcecode.c.objc; path = GameCell.m; sourceTree = "<group>"; };
		57CE30EC15A4BFA500A6F508 /* PlayerCell.h */ = {isa = PBXFileReference; fileEncoding = 4; lastKnownFileType = sourcecode.c.h; path = PlayerCell.h; sourceTree = "<group>"; };
		57CE30ED15A4BFA500A6F508 /* PlayerCell.m */ = {isa = PBXFileReference; fileEncoding = 4; lastKnownFileType = sourcecode.c.objc; path = PlayerCell.m; sourceTree = "<group>"; };
/* End PBXFileReference section */

/* Begin PBXFrameworksBuildPhase section */
		57952A0915A3302A00D1682C /* Frameworks */ = {
			isa = PBXFrameworksBuildPhase;
			buildActionMask = 2147483647;
			files = (
				57952A3915A33B6400D1682C /* CoreData.framework in Frameworks */,
				57952A1115A3302A00D1682C /* UIKit.framework in Frameworks */,
				57952A1315A3302A00D1682C /* Foundation.framework in Frameworks */,
				57952A1515A3302A00D1682C /* CoreGraphics.framework in Frameworks */,
			);
			runOnlyForDeploymentPostprocessing = 0;
		};
/* End PBXFrameworksBuildPhase section */

/* Begin PBXGroup section */
		57952A0115A3302A00D1682C = {
			isa = PBXGroup;
			children = (
				57952A3815A33B6400D1682C /* CoreData.framework */,
				57952A1615A3302A00D1682C /* FishTally */,
				57952A0F15A3302A00D1682C /* Frameworks */,
				57952A0D15A3302A00D1682C /* Products */,
			);
			sourceTree = "<group>";
		};
		57952A0D15A3302A00D1682C /* Products */ = {
			isa = PBXGroup;
			children = (
				57952A0C15A3302A00D1682C /* FishTally.app */,
			);
			name = Products;
			sourceTree = "<group>";
		};
		57952A0F15A3302A00D1682C /* Frameworks */ = {
			isa = PBXGroup;
			children = (
				57952A1015A3302A00D1682C /* UIKit.framework */,
				57952A1215A3302A00D1682C /* Foundation.framework */,
				57952A1415A3302A00D1682C /* CoreGraphics.framework */,
			);
			name = Frameworks;
			sourceTree = "<group>";
		};
		57952A1615A3302A00D1682C /* FishTally */ = {
			isa = PBXGroup;
			children = (
				57952A1F15A3302A00D1682C /* AppDelegate.h */,
				5723CFE915A62CFF00A5AA13 /* UIImage+Resize.h */,
				5723CFEA15A62CFF00A5AA13 /* UIImage+Resize.m */,
				57952A2015A3302A00D1682C /* AppDelegate.m */,
				57952A2215A3302A00D1682C /* MainStoryboard.storyboard */,
				5775E26F15A7795200E302CE /* FishViewController.h */,
				5775E27015A7795200E302CE /* FishViewController.m */,
				5775E27215A7796600E302CE /* FishDetailViewController.h */,
				5775E27315A7796600E302CE /* FishDetailViewController.m */,
				5723CFF315A6438A00A5AA13 /* LuresViewController.h */,
				5723CFF415A6438A00A5AA13 /* LuresViewController.m */,
				5775E26715A75E0A00E302CE /* LureDetailViewController.h */,
				5775E26815A75E0A00E302CE /* LureDetailViewController.m */,
				5723CFEC15A63B1600A5AA13 /* SettingsViewController.h */,
				5723CFED15A63B1700A5AA13 /* SettingsViewController.m */,
				57952A4A15A347E800D1682C /* GamesViewController.h */,
				57952A4B15A347E800D1682C /* GamesViewController.m */,
				576E92BF15A373F600C93BAB /* GameDetailViewController.h */,
				576E92C015A373F600C93BAB /* GameDetailViewController.m */,
				576E92C715A3AA0100C93BAB /* PlayersViewController.h */,
				576E92C815A3AA0100C93BAB /* PlayersViewController.m */,
				5723CFDD15A5DB1700A5AA13 /* PlayerDetailViewController.h */,
				5723CFDE15A5DB1700A5AA13 /* PlayerDetailViewController.m */,
				57952A1715A3302A00D1682C /* Supporting Files */,
				57952A3A15A33C0800D1682C /* DataModel.xcdatamodeld */,
				5723D00915A653DA00A5AA13 /* Player.h */,
				5723D00A15A653DA00A5AA13 /* Player.m */,
				5723D00615A6526500A5AA13 /* Fish.h */,
				5723D00715A6526500A5AA13 /* Fish.m */,
				5723D00315A651E400A5AA13 /* Catch.h */,
				5723D00415A651E400A5AA13 /* Catch.m */,
				5723D00015A651C000A5AA13 /* Lure.h */,
				5723D00115A651C000A5AA13 /* Lure.m */,
				57952A4315A340FF00D1682C /* Game.h */,
				57952A4415A340FF00D1682C /* Game.m */,
				57952A5015A360DA00D1682C /* GameCell.h */,
				57952A5115A360DA00D1682C /* GameCell.m */,
				57CE30EC15A4BFA500A6F508 /* PlayerCell.h */,
				57CE30ED15A4BFA500A6F508 /* PlayerCell.m */,
			);
			path = FishTally;
			sourceTree = "<group>";
		};
		57952A1715A3302A00D1682C /* Supporting Files */ = {
			isa = PBXGroup;
			children = (
				57952A1815A3302A00D1682C /* FishTally-Info.plist */,
				57952A1915A3302A00D1682C /* InfoPlist.strings */,
				57952A1C15A3302A00D1682C /* main.m */,
				57952A1E15A3302A00D1682C /* FishTally-Prefix.pch */,
			);
			name = "Supporting Files";
			sourceTree = "<group>";
		};
/* End PBXGroup section */

/* Begin PBXNativeTarget section */
		57952A0B15A3302A00D1682C /* FishTally */ = {
			isa = PBXNativeTarget;
			buildConfigurationList = 57952A3515A3302A00D1682C /* Build configuration list for PBXNativeTarget "FishTally" */;
			buildPhases = (
				57952A0815A3302A00D1682C /* Sources */,
				57952A0915A3302A00D1682C /* Frameworks */,
				57952A0A15A3302A00D1682C /* Resources */,
			);
			buildRules = (
			);
			dependencies = (
			);
			name = FishTally;
			productName = FishTally;
			productReference = 57952A0C15A3302A00D1682C /* FishTally.app */;
			productType = "com.apple.product-type.application";
		};
/* End PBXNativeTarget section */

/* Begin PBXProject section */
		57952A0315A3302A00D1682C /* Project object */ = {
			isa = PBXProject;
			attributes = {
				LastUpgradeCheck = 0420;
			};
			buildConfigurationList = 57952A0615A3302A00D1682C /* Build configuration list for PBXProject "FishTally" */;
			compatibilityVersion = "Xcode 3.2";
			developmentRegion = English;
			hasScannedForEncodings = 0;
			knownRegions = (
				en,
			);
			mainGroup = 57952A0115A3302A00D1682C;
			productRefGroup = 57952A0D15A3302A00D1682C /* Products */;
			projectDirPath = "";
			projectRoot = "";
			targets = (
				57952A0B15A3302A00D1682C /* FishTally */,
			);
		};
/* End PBXProject section */

/* Begin PBXResourcesBuildPhase section */
		57952A0A15A3302A00D1682C /* Resources */ = {
			isa = PBXResourcesBuildPhase;
			buildActionMask = 2147483647;
			files = (
				57952A1B15A3302A00D1682C /* InfoPlist.strings in Resources */,
				57952A2415A3302A00D1682C /* MainStoryboard.storyboard in Resources */,
			);
			runOnlyForDeploymentPostprocessing = 0;
		};
/* End PBXResourcesBuildPhase section */

/* Begin PBXSourcesBuildPhase section */
		57952A0815A3302A00D1682C /* Sources */ = {
			isa = PBXSourcesBuildPhase;
			buildActionMask = 2147483647;
			files = (
				57952A1D15A3302A00D1682C /* main.m in Sources */,
				57952A2115A3302A00D1682C /* AppDelegate.m in Sources */,
				57952A3C15A33C0800D1682C /* DataModel.xcdatamodeld in Sources */,
				57952A4515A340FF00D1682C /* Game.m in Sources */,
				57952A4C15A347E900D1682C /* GamesViewController.m in Sources */,
				57952A5215A360DA00D1682C /* GameCell.m in Sources */,
				576E92C115A373F600C93BAB /* GameDetailViewController.m in Sources */,
				576E92C915A3AA0100C93BAB /* PlayersViewController.m in Sources */,
				57CE30EE15A4BFA500A6F508 /* PlayerCell.m in Sources */,
				5723CFDF15A5DB1700A5AA13 /* PlayerDetailViewController.m in Sources */,
				5723CFEB15A62CFF00A5AA13 /* UIImage+Resize.m in Sources */,
				5723CFEE15A63B1700A5AA13 /* SettingsViewController.m in Sources */,
				5723CFF515A6438A00A5AA13 /* LuresViewController.m in Sources */,
				5723D00215A651C000A5AA13 /* Lure.m in Sources */,
				5723D00515A651E500A5AA13 /* Catch.m in Sources */,
				5723D00815A6526500A5AA13 /* Fish.m in Sources */,
				5723D00B15A653DA00A5AA13 /* Player.m in Sources */,
				5775E26915A75E0A00E302CE /* LureDetailViewController.m in Sources */,
				5775E27115A7795300E302CE /* FishViewController.m in Sources */,
				5775E27415A7796600E302CE /* FishDetailViewController.m in Sources */,
			);
			runOnlyForDeploymentPostprocessing = 0;
		};
/* End PBXSourcesBuildPhase section */

/* Begin PBXVariantGroup section */
		57952A1915A3302A00D1682C /* InfoPlist.strings */ = {
			isa = PBXVariantGroup;
			children = (
				57952A1A15A3302A00D1682C /* en */,
			);
			name = InfoPlist.strings;
			sourceTree = "<group>";
		};
		57952A2215A3302A00D1682C /* MainStoryboard.storyboard */ = {
			isa = PBXVariantGroup;
			children = (
				57952A2315A3302A00D1682C /* en */,
			);
			name = MainStoryboard.storyboard;
			sourceTree = "<group>";
		};
/* End PBXVariantGroup section */

/* Begin XCBuildConfiguration section */
		57952A3315A3302A00D1682C /* Debug */ = {
			isa = XCBuildConfiguration;
			buildSettings = {
				ALWAYS_SEARCH_USER_PATHS = NO;
				ARCHS = "$(ARCHS_STANDARD_32_BIT)";
				CLANG_ENABLE_OBJC_ARC = YES;
				"CODE_SIGN_IDENTITY[sdk=iphoneos*]" = "iPhone Developer";
				COPY_PHASE_STRIP = NO;
				GCC_C_LANGUAGE_STANDARD = gnu99;
				GCC_DYNAMIC_NO_PIC = NO;
				GCC_OPTIMIZATION_LEVEL = 0;
				GCC_PREPROCESSOR_DEFINITIONS = (
					"DEBUG=1",
					"$(inherited)",
				);
				GCC_SYMBOLS_PRIVATE_EXTERN = NO;
				GCC_VERSION = com.apple.compilers.llvm.clang.1_0;
				GCC_WARN_ABOUT_MISSING_PROTOTYPES = YES;
				GCC_WARN_ABOUT_RETURN_TYPE = YES;
				GCC_WARN_UNUSED_VARIABLE = YES;
				IPHONEOS_DEPLOYMENT_TARGET = 5.0;
				SDKROOT = iphoneos;
			};
			name = Debug;
		};
		57952A3415A3302A00D1682C /* Release */ = {
			isa = XCBuildConfiguration;
			buildSettings = {
				ALWAYS_SEARCH_USER_PATHS = NO;
				ARCHS = "$(ARCHS_STANDARD_32_BIT)";
				CLANG_ENABLE_OBJC_ARC = YES;
				"CODE_SIGN_IDENTITY[sdk=iphoneos*]" = "iPhone Developer";
				COPY_PHASE_STRIP = YES;
				GCC_C_LANGUAGE_STANDARD = gnu99;
				GCC_VERSION = com.apple.compilers.llvm.clang.1_0;
				GCC_WARN_ABOUT_MISSING_PROTOTYPES = YES;
				GCC_WARN_ABOUT_RETURN_TYPE = YES;
				GCC_WARN_UNUSED_VARIABLE = YES;
				IPHONEOS_DEPLOYMENT_TARGET = 5.0;
				OTHER_CFLAGS = "-DNS_BLOCK_ASSERTIONS=1";
				SDKROOT = iphoneos;
				VALIDATE_PRODUCT = YES;
			};
			name = Release;
		};
		57952A3615A3302A00D1682C /* Debug */ = {
			isa = XCBuildConfiguration;
			buildSettings = {
				GCC_PRECOMPILE_PREFIX_HEADER = YES;
				GCC_PREFIX_HEADER = "FishTally/FishTally-Prefix.pch";
				INFOPLIST_FILE = "FishTally/FishTally-Info.plist";
				PRODUCT_NAME = "$(TARGET_NAME)";
				WRAPPER_EXTENSION = app;
			};
			name = Debug;
		};
		57952A3715A3302A00D1682C /* Release */ = {
			isa = XCBuildConfiguration;
			buildSettings = {
				GCC_PRECOMPILE_PREFIX_HEADER = YES;
				GCC_PREFIX_HEADER = "FishTally/FishTally-Prefix.pch";
				INFOPLIST_FILE = "FishTally/FishTally-Info.plist";
				PRODUCT_NAME = "$(TARGET_NAME)";
				WRAPPER_EXTENSION = app;
			};
			name = Release;
		};
/* End XCBuildConfiguration section */

/* Begin XCConfigurationList section */
		57952A0615A3302A00D1682C /* Build configuration list for PBXProject "FishTally" */ = {
			isa = XCConfigurationList;
			buildConfigurations = (
				57952A3315A3302A00D1682C /* Debug */,
				57952A3415A3302A00D1682C /* Release */,
			);
			defaultConfigurationIsVisible = 0;
			defaultConfigurationName = Release;
		};
		57952A3515A3302A00D1682C /* Build configuration list for PBXNativeTarget "FishTally" */ = {
			isa = XCConfigurationList;
			buildConfigurations = (
				57952A3615A3302A00D1682C /* Debug */,
				57952A3715A3302A00D1682C /* Release */,
			);
			defaultConfigurationIsVisible = 0;
			defaultConfigurationName = Release;
		};
/* End XCConfigurationList section */

/* Begin XCVersionGroup section */
		57952A3A15A33C0800D1682C /* DataModel.xcdatamodeld */ = {
			isa = XCVersionGroup;
			children = (
				57952A3B15A33C0800D1682C /* DataModel.xcdatamodel */,
			);
			currentVersion = 57952A3B15A33C0800D1682C /* DataModel.xcdatamodel */;
			path = DataModel.xcdatamodeld;
			sourceTree = "<group>";
			versionGroupType = wrapper.xcdatamodel;
		};
/* End XCVersionGroup section */
	};
	rootObject = 57952A0315A3302A00D1682C /* Project object */;
}
